
Microsoft Visual Studio Solution File, Format Version 12.00
# Visual Studio Version 16
VisualStudioVersion = 16.0.30225.117
MinimumVisualStudioVersion = 10.0.40219.1
Project("{FAE04EC0-301F-11D3-BF4B-00C04F79EFBC}") = "AntiAssholeURL", "AntiAssholeURL\AntiAssholeURL.csproj", "{E9B1F6DF-6311-4982-B205-35958FCF1B02}"
EndProject
Global
	GlobalSection(SolutionConfigurationPlatforms) = preSolution
		Debug|Any CPU = Debug|Any CPU
		Release|Any CPU = Release|Any CPU
	EndGlobalSection
	GlobalSection(ProjectConfigurationPlatforms) = postSolution
		{E9B1F6DF-6311-4982-B205-35958FCF1B02}.Debug|Any CPU.ActiveCfg = Debug|Any CPU
		{E9B1F6DF-6311-4982-B205-35958FCF1B02}.Debug|Any CPU.Build.0 = Debug|Any CPU
		{E9B1F6DF-6311-4982-B205-35958FCF1B02}.Release|Any CPU.ActiveCfg = Release|Any CPU
		{E9B1F6DF-6311-4982-B205-35958FCF1B02}.Release|Any CPU.Build.0 = Release|Any CPU
	EndGlobalSection
	GlobalSection(SolutionProperties) = preSolution
		HideSolutionNode = FALSE
	EndGlobalSection
	GlobalSection(ExtensibilityGlobals) = postSolution
		SolutionGuid = {4F6B4989-DB68-4C0B-8464-04FCEB5923C5}
	EndGlobalSection
EndGlobal
